
Microsoft Visual Studio Solution File, Format Version 12.00
# Visual Studio Version 17
VisualStudioVersion = 17.9.34701.34
MinimumVisualStudioVersion = 10.0.40219.1
Project("{FAE04EC0-301F-11D3-BF4B-00C04F79EFBC}") = "DynamicTimeTableGenerator", "DynamicTimeTableGenerator\DynamicTimeTableGenerator.csproj", "{36105B58-4A8F-42BB-B99E-E550F8131CF4}"
EndProject
Global
	GlobalSection(SolutionConfigurationPlatforms) = preSolution
		Debug|Any CPU = Debug|Any CPU
		Release|Any CPU = Release|Any CPU
	EndGlobalSection
	GlobalSection(ProjectConfigurationPlatforms) = postSolution
		{36105B58-4A8F-42BB-B99E-E550F8131CF4}.Debug|Any CPU.ActiveCfg = Debug|Any CPU
		{36105B58-4A8F-42BB-B99E-E550F8131CF4}.Debug|Any CPU.Build.0 = Debug|Any CPU
		{36105B58-4A8F-42BB-B99E-E550F8131CF4}.Release|Any CPU.ActiveCfg = Release|Any CPU
		{36105B58-4A8F-42BB-B99E-E550F8131CF4}.Release|Any CPU.Build.0 = Release|Any CPU
	EndGlobalSection
	GlobalSection(SolutionProperties) = preSolution
		HideSolutionNode = FALSE
	EndGlobalSection
	GlobalSection(ExtensibilityGlobals) = postSolution
		SolutionGuid = {45AEB7BF-0EB1-41DA-95BD-77A7474CC05C}
	EndGlobalSection
EndGlobal
